
Microsoft Visual Studio Solution File, Format Version 12.00
# Visual Studio Version 17
VisualStudioVersion = 17.0.32112.339
MinimumVisualStudioVersion = 10.0.40219.1
Project("{FAE04EC0-301F-11D3-BF4B-00C04F79EFBC}") = "CoffeeShopAPI", "CoffeeShopAPI\CoffeeShopAPI.csproj", "{C2355D7B-6352-4382-A393-F27FBE80D03D}"
EndProject
Global
	GlobalSection(SolutionConfigurationPlatforms) = preSolution
		Debug|Any CPU = Debug|Any CPU
		Release|Any CPU = Release|Any CPU
	EndGlobalSection
	GlobalSection(ProjectConfigurationPlatforms) = postSolution
		{C2355D7B-6352-4382-A393-F27FBE80D03D}.Debug|Any CPU.ActiveCfg = Debug|Any CPU
		{C2355D7B-6352-4382-A393-F27FBE80D03D}.Debug|Any CPU.Build.0 = Debug|Any CPU
		{C2355D7B-6352-4382-A393-F27FBE80D03D}.Release|Any CPU.ActiveCfg = Release|Any CPU
		{C2355D7B-6352-4382-A393-F27FBE80D03D}.Release|Any CPU.Build.0 = Release|Any CPU
	EndGlobalSection
	GlobalSection(SolutionProperties) = preSolution
		HideSolutionNode = FALSE
	EndGlobalSection
	GlobalSection(ExtensibilityGlobals) = postSolution
		SolutionGuid = {4A5F8191-A38B-494A-B566-6E495BC643FF}
	EndGlobalSection
EndGlobal
